
Microsoft Visual Studio Solution File, Format Version 12.00
# Visual Studio Version 17
VisualStudioVersion = 17.4.33110.190
MinimumVisualStudioVersion = 10.0.40219.1
Project("{2150E333-8FDC-42A3-9474-1A3956D46DE8}") = "2022", "2022", "{2FEAEB7C-8A02-4FA7-8856-097E431F603B}"
EndProject
Project("{9A19103F-16F7-4668-BE54-9A1E7A4F7556}") = "CalorieCounting", "CalorieCounting\CalorieCounting.csproj", "{8909B4C3-087D-4422-8951-48084BA5CBD6}"
EndProject
Project("{2150E333-8FDC-42A3-9474-1A3956D46DE8}") = "01", "01", "{3DCAF4C1-3363-4597-9929-89DA3686363B}"
EndProject
Project("{2150E333-8FDC-42A3-9474-1A3956D46DE8}") = "02", "02", "{4E3DB5B1-A675-4800-BD7C-6E160841DB28}"
EndProject
Project("{9A19103F-16F7-4668-BE54-9A1E7A4F7556}") = "RockPaperScissors", "RockPaperScissors\RockPaperScissors.csproj", "{D097BA30-A367-4849-96CF-72B618641244}"
EndProject
Project("{2150E333-8FDC-42A3-9474-1A3956D46DE8}") = "03", "03", "{E9079F87-DD7E-43D6-B781-C4C76C3FDE9B}"
EndProject
Project("{9A19103F-16F7-4668-BE54-9A1E7A4F7556}") = "RucksackReorganization", "RucksackReorganization\RucksackReorganization.csproj", "{584CAE3F-45E7-41F6-9670-887FCDBE4321}"
EndProject
Project("{2150E333-8FDC-42A3-9474-1A3956D46DE8}") = "04", "04", "{6082B31B-3AA5-400C-AFAE-0CD3FEC66305}"
EndProject
Project("{9A19103F-16F7-4668-BE54-9A1E7A4F7556}") = "CampCleanup", "CampCleanup\CampCleanup.csproj", "{31BCFA8B-FA3C-4EED-8C8C-50BBB1E9B43A}"
EndProject
Project("{2150E333-8FDC-42A3-9474-1A3956D46DE8}") = "05", "05", "{B613471D-97DC-46D3-9437-B562ADE550EC}"
EndProject
Project("{9A19103F-16F7-4668-BE54-9A1E7A4F7556}") = "SupplyStacks", "SupplyStacks\SupplyStacks.csproj", "{B07AE174-5EF6-4899-A98F-25383FE3D927}"
EndProject
Project("{2150E333-8FDC-42A3-9474-1A3956D46DE8}") = "06", "06", "{A83BC051-6CDF-4ABA-9B24-BB4074895291}"
EndProject
Project("{FAE04EC0-301F-11D3-BF4B-00C04F79EFBC}") = "TuningTrouble", "TuningTrouble\TuningTrouble.csproj", "{7C053157-E7CA-4F0F-AD29-28C3D8D4D76D}"
EndProject
Global
	GlobalSection(SolutionConfigurationPlatforms) = preSolution
		Debug|Any CPU = Debug|Any CPU
		Release|Any CPU = Release|Any CPU
	EndGlobalSection
	GlobalSection(ProjectConfigurationPlatforms) = postSolution
		{8909B4C3-087D-4422-8951-48084BA5CBD6}.Debug|Any CPU.ActiveCfg = Debug|Any CPU
		{8909B4C3-087D-4422-8951-48084BA5CBD6}.Debug|Any CPU.Build.0 = Debug|Any CPU
		{8909B4C3-087D-4422-8951-48084BA5CBD6}.Release|Any CPU.ActiveCfg = Release|Any CPU
		{8909B4C3-087D-4422-8951-48084BA5CBD6}.Release|Any CPU.Build.0 = Release|Any CPU
		{D097BA30-A367-4849-96CF-72B618641244}.Debug|Any CPU.ActiveCfg = Debug|Any CPU
		{D097BA30-A367-4849-96CF-72B618641244}.Debug|Any CPU.Build.0 = Debug|Any CPU
		{D097BA30-A367-4849-96CF-72B618641244}.Release|Any CPU.ActiveCfg = Release|Any CPU
		{D097BA30-A367-4849-96CF-72B618641244}.Release|Any CPU.Build.0 = Release|Any CPU
		{584CAE3F-45E7-41F6-9670-887FCDBE4321}.Debug|Any CPU.ActiveCfg = Debug|Any CPU
		{584CAE3F-45E7-41F6-9670-887FCDBE4321}.Debug|Any CPU.Build.0 = Debug|Any CPU
		{584CAE3F-45E7-41F6-9670-887FCDBE4321}.Release|Any CPU.ActiveCfg = Release|Any CPU
		{584CAE3F-45E7-41F6-9670-887FCDBE4321}.Release|Any CPU.Build.0 = Release|Any CPU
		{31BCFA8B-FA3C-4EED-8C8C-50BBB1E9B43A}.Debug|Any CPU.ActiveCfg = Debug|Any CPU
		{31BCFA8B-FA3C-4EED-8C8C-50BBB1E9B43A}.Debug|Any CPU.Build.0 = Debug|Any CPU
		{31BCFA8B-FA3C-4EED-8C8C-50BBB1E9B43A}.Release|Any CPU.ActiveCfg = Release|Any CPU
		{31BCFA8B-FA3C-4EED-8C8C-50BBB1E9B43A}.Release|Any CPU.Build.0 = Release|Any CPU
		{B07AE174-5EF6-4899-A98F-25383FE3D927}.Debug|Any CPU.ActiveCfg = Debug|Any CPU
		{B07AE174-5EF6-4899-A98F-25383FE3D927}.Debug|Any CPU.Build.0 = Debug|Any CPU
		{B07AE174-5EF6-4899-A98F-25383FE3D927}.Release|Any CPU.ActiveCfg = Release|Any CPU
		{B07AE174-5EF6-4899-A98F-25383FE3D927}.Release|Any CPU.Build.0 = Release|Any CPU
		{7C053157-E7CA-4F0F-AD29-28C3D8D4D76D}.Debug|Any CPU.ActiveCfg = Debug|Any CPU
		{7C053157-E7CA-4F0F-AD29-28C3D8D4D76D}.Debug|Any CPU.Build.0 = Debug|Any CPU
		{7C053157-E7CA-4F0F-AD29-28C3D8D4D76D}.Release|Any CPU.ActiveCfg = Release|Any CPU
		{7C053157-E7CA-4F0F-AD29-28C3D8D4D76D}.Release|Any CPU.Build.0 = Release|Any CPU
	EndGlobalSection
	GlobalSection(SolutionProperties) = preSolution
		HideSolutionNode = FALSE
	EndGlobalSection
	GlobalSection(NestedProjects) = preSolution
		{8909B4C3-087D-4422-8951-48084BA5CBD6} = {3DCAF4C1-3363-4597-9929-89DA3686363B}
		{3DCAF4C1-3363-4597-9929-89DA3686363B} = {2FEAEB7C-8A02-4FA7-8856-097E431F603B}
		{4E3DB5B1-A675-4800-BD7C-6E160841DB28} = {2FEAEB7C-8A02-4FA7-8856-097E431F603B}
		{D097BA30-A367-4849-96CF-72B618641244} = {4E3DB5B1-A675-4800-BD7C-6E160841DB28}
		{E9079F87-DD7E-43D6-B781-C4C76C3FDE9B} = {2FEAEB7C-8A02-4FA7-8856-097E431F603B}
		{584CAE3F-45E7-41F6-9670-887FCDBE4321} = {E9079F87-DD7E-43D6-B781-C4C76C3FDE9B}
		{6082B31B-3AA5-400C-AFAE-0CD3FEC66305} = {2FEAEB7C-8A02-4FA7-8856-097E431F603B}
		{31BCFA8B-FA3C-4EED-8C8C-50BBB1E9B43A} = {6082B31B-3AA5-400C-AFAE-0CD3FEC66305}
		{B613471D-97DC-46D3-9437-B562ADE550EC} = {2FEAEB7C-8A02-4FA7-8856-097E431F603B}
		{B07AE174-5EF6-4899-A98F-25383FE3D927} = {B613471D-97DC-46D3-9437-B562ADE550EC}
		{A83BC051-6CDF-4ABA-9B24-BB4074895291} = {2FEAEB7C-8A02-4FA7-8856-097E431F603B}
		{7C053157-E7CA-4F0F-AD29-28C3D8D4D76D} = {A83BC051-6CDF-4ABA-9B24-BB4074895291}
	EndGlobalSection
	GlobalSection(ExtensibilityGlobals) = postSolution
		SolutionGuid = {765FF74A-7C1A-40F9-8C13-83BCD2800DB3}
	EndGlobalSection
EndGlobal
